// !$*UTF8*$!
{
	archiveVersion = 1;
	classes = {
	};
	objectVersion = 56;
	objects = {

/* Begin PBXBuildFile section */
		6425200D2C7B9DE300252FAC /* UI_ExperimentsApp.swift in Sources */ = {isa = PBXBuildFile; fileRef = 6425200C2C7B9DE300252FAC /* UI_ExperimentsApp.swift */; };
		6425200F2C7B9DE300252FAC /* ContentView.swift in Sources */ = {isa = PBXBuildFile; fileRef = 6425200E2C7B9DE300252FAC /* ContentView.swift */; };
		642520112C7B9DE600252FAC /* Assets.xcassets in Resources */ = {isa = PBXBuildFile; fileRef = 642520102C7B9DE600252FAC /* Assets.xcassets */; };
		642520152C7B9DE600252FAC /* Preview Assets.xcassets in Resources */ = {isa = PBXBuildFile; fileRef = 642520142C7B9DE600252FAC /* Preview Assets.xcassets */; };
		6425201F2C7B9DE700252FAC /* UI_ExperimentsTests.swift in Sources */ = {isa = PBXBuildFile; fileRef = 6425201E2C7B9DE700252FAC /* UI_ExperimentsTests.swift */; };
		642520292C7B9DE700252FAC /* UI_ExperimentsUITests.swift in Sources */ = {isa = PBXBuildFile; fileRef = 642520282C7B9DE700252FAC /* UI_ExperimentsUITests.swift */; };
		6425202B2C7B9DE700252FAC /* UI_ExperimentsUITestsLaunchTests.swift in Sources */ = {isa = PBXBuildFile; fileRef = 6425202A2C7B9DE700252FAC /* UI_ExperimentsUITestsLaunchTests.swift */; };
/* End PBXBuildFile section */

/* Begin PBXContainerItemProxy section */
		6425201B2C7B9DE700252FAC /* PBXContainerItemProxy */ = {
			isa = PBXContainerItemProxy;
			containerPortal = 642520012C7B9DE300252FAC /* Project object */;
			proxyType = 1;
			remoteGlobalIDString = 642520082C7B9DE300252FAC;
			remoteInfo = "UI-Experiments";
		};
		642520252C7B9DE700252FAC /* PBXContainerItemProxy */ = {
			isa = PBXContainerItemProxy;
			containerPortal = 642520012C7B9DE300252FAC /* Project object */;
			proxyType = 1;
			remoteGlobalIDString = 642520082C7B9DE300252FAC;
			remoteInfo = "UI-Experiments";
		};
/* End PBXContainerItemProxy section */

/* Begin PBXFileReference section */
		642520092C7B9DE300252FAC /* UI-Experiments.app */ = {isa = PBXFileReference; explicitFileType = wrapper.application; includeInIndex = 0; path = "UI-Experiments.app"; sourceTree = BUILT_PRODUCTS_DIR; };
		6425200C2C7B9DE300252FAC /* UI_ExperimentsApp.swift */ = {isa = PBXFileReference; lastKnownFileType = sourcecode.swift; path = UI_ExperimentsApp.swift; sourceTree = "<group>"; };
		6425200E2C7B9DE300252FAC /* ContentView.swift */ = {isa = PBXFileReference; lastKnownFileType = sourcecode.swift; path = ContentView.swift; sourceTree = "<group>"; };
		642520102C7B9DE600252FAC /* Assets.xcassets */ = {isa = PBXFileReference; lastKnownFileType = folder.assetcatalog; path = Assets.xcassets; sourceTree = "<group>"; };
		642520122C7B9DE600252FAC /* UI_Experiments.entitlements */ = {isa = PBXFileReference; lastKnownFileType = text.plist.entitlements; path = UI_Experiments.entitlements; sourceTree = "<group>"; };
		642520142C7B9DE600252FAC /* Preview Assets.xcassets */ = {isa = PBXFileReference; lastKnownFileType = folder.assetcatalog; path = "Preview Assets.xcassets"; sourceTree = "<group>"; };
		6425201A2C7B9DE700252FAC /* UI-ExperimentsTests.xctest */ = {isa = PBXFileReference; explicitFileType = wrapper.cfbundle; includeInIndex = 0; path = "UI-ExperimentsTests.xctest"; sourceTree = BUILT_PRODUCTS_DIR; };
		6425201E2C7B9DE700252FAC /* UI_ExperimentsTests.swift */ = {isa = PBXFileReference; lastKnownFileType = sourcecode.swift; path = UI_ExperimentsTests.swift; sourceTree = "<group>"; };
		642520242C7B9DE700252FAC /* UI-ExperimentsUITests.xctest */ = {isa = PBXFileReference; explicitFileType = wrapper.cfbundle; includeInIndex = 0; path = "UI-ExperimentsUITests.xctest"; sourceTree = BUILT_PRODUCTS_DIR; };
		642520282C7B9DE700252FAC /* UI_ExperimentsUITests.swift */ = {isa = PBXFileReference; lastKnownFileType = sourcecode.swift; path = UI_ExperimentsUITests.swift; sourceTree = "<group>"; };
		6425202A2C7B9DE700252FAC /* UI_ExperimentsUITestsLaunchTests.swift */ = {isa = PBXFileReference; lastKnownFileType = sourcecode.swift; path = UI_ExperimentsUITestsLaunchTests.swift; sourceTree = "<group>"; };
/* End PBXFileReference section */

/* Begin PBXFrameworksBuildPhase section */
		642520062C7B9DE300252FAC /* Frameworks */ = {
			isa = PBXFrameworksBuildPhase;
			buildActionMask = 2147483647;
			files = (
			);
			runOnlyForDeploymentPostprocessing = 0;
		};
		642520172C7B9DE700252FAC /* Frameworks */ = {
			isa = PBXFrameworksBuildPhase;
			buildActionMask = 2147483647;
			files = (
			);
			runOnlyForDeploymentPostprocessing = 0;
		};
		642520212C7B9DE700252FAC /* Frameworks */ = {
			isa = PBXFrameworksBuildPhase;
			buildActionMask = 2147483647;
			files = (
			);
			runOnlyForDeploymentPostprocessing = 0;
		};
/* End PBXFrameworksBuildPhase section */

/* Begin PBXGroup section */
		642520002C7B9DE300252FAC = {
			isa = PBXGroup;
			children = (
				6425200B2C7B9DE300252FAC /* UI-Experiments */,
				6425201D2C7B9DE700252FAC /* UI-ExperimentsTests */,
				642520272C7B9DE700252FAC /* UI-ExperimentsUITests */,
				6425200A2C7B9DE300252FAC /* Products */,
			);
			sourceTree = "<group>";
		};
		6425200A2C7B9DE300252FAC /* Products */ = {
			isa = PBXGroup;
			children = (
				642520092C7B9DE300252FAC /* UI-Experiments.app */,
				6425201A2C7B9DE700252FAC /* UI-ExperimentsTests.xctest */,
				642520242C7B9DE700252FAC /* UI-ExperimentsUITests.xctest */,
			);
			name = Products;
			sourceTree = "<group>";
		};
		6425200B2C7B9DE300252FAC /* UI-Experiments */ = {
			isa = PBXGroup;
			children = (
				6425200C2C7B9DE300252FAC /* UI_ExperimentsApp.swift */,
				6425200E2C7B9DE300252FAC /* ContentView.swift */,
				642520102C7B9DE600252FAC /* Assets.xcassets */,
				642520122C7B9DE600252FAC /* UI_Experiments.entitlements */,
				642520132C7B9DE600252FAC /* Preview Content */,
			);
			path = "UI-Experiments";
			sourceTree = "<group>";
		};
		642520132C7B9DE600252FAC /* Preview Content */ = {
			isa = PBXGroup;
			children = (
				642520142C7B9DE600252FAC /* Preview Assets.xcassets */,
			);
			path = "Preview Content";
			sourceTree = "<group>";
		};
		6425201D2C7B9DE700252FAC /* UI-ExperimentsTests */ = {
			isa = PBXGroup;
			children = (
				6425201E2C7B9DE700252FAC /* UI_ExperimentsTests.swift */,
			);
			path = "UI-ExperimentsTests";
			sourceTree = "<group>";
		};
		642520272C7B9DE700252FAC /* UI-ExperimentsUITests */ = {
			isa = PBXGroup;
			children = (
				642520282C7B9DE700252FAC /* UI_ExperimentsUITests.swift */,
				6425202A2C7B9DE700252FAC /* UI_ExperimentsUITestsLaunchTests.swift */,
			);
			path = "UI-ExperimentsUITests";
			sourceTree = "<group>";
		};
/* End PBXGroup section */

/* Begin PBXNativeTarget section */
		642520082C7B9DE300252FAC /* UI-Experiments */ = {
			isa = PBXNativeTarget;
			buildConfigurationList = 6425202E2C7B9DE700252FAC /* Build configuration list for PBXNativeTarget "UI-Experiments" */;
			buildPhases = (
				642520052C7B9DE300252FAC /* Sources */,
				642520062C7B9DE300252FAC /* Frameworks */,
				642520072C7B9DE300252FAC /* Resources */,
			);
			buildRules = (
			);
			dependencies = (
			);
			name = "UI-Experiments";
			productName = "UI-Experiments";
			productReference = 642520092C7B9DE300252FAC /* UI-Experiments.app */;
			productType = "com.apple.product-type.application";
		};
		642520192C7B9DE700252FAC /* UI-ExperimentsTests */ = {
			isa = PBXNativeTarget;
			buildConfigurationList = 642520312C7B9DE700252FAC /* Build configuration list for PBXNativeTarget "UI-ExperimentsTests" */;
			buildPhases = (
				642520162C7B9DE700252FAC /* Sources */,
				642520172C7B9DE700252FAC /* Frameworks */,
				642520182C7B9DE700252FAC /* Resources */,
			);
			buildRules = (
			);
			dependencies = (
				6425201C2C7B9DE700252FAC /* PBXTargetDependency */,
			);
			name = "UI-ExperimentsTests";
			productName = "UI-ExperimentsTests";
			productReference = 6425201A2C7B9DE700252FAC /* UI-ExperimentsTests.xctest */;
			productType = "com.apple.product-type.bundle.unit-test";
		};
		642520232C7B9DE700252FAC /* UI-ExperimentsUITests */ = {
			isa = PBXNativeTarget;
			buildConfigurationList = 642520342C7B9DE700252FAC /* Build configuration list for PBXNativeTarget "UI-ExperimentsUITests" */;
			buildPhases = (
				642520202C7B9DE700252FAC /* Sources */,
				642520212C7B9DE700252FAC /* Frameworks */,
				642520222C7B9DE700252FAC /* Resources */,
			);
			buildRules = (
			);
			dependencies = (
				642520262C7B9DE700252FAC /* PBXTargetDependency */,
			);
			name = "UI-ExperimentsUITests";
			productName = "UI-ExperimentsUITests";
			productReference = 642520242C7B9DE700252FAC /* UI-ExperimentsUITests.xctest */;
			productType = "com.apple.product-type.bundle.ui-testing";
		};
/* End PBXNativeTarget section */

/* Begin PBXProject section */
		642520012C7B9DE300252FAC /* Project object */ = {
			isa = PBXProject;
			attributes = {
				BuildIndependentTargetsInParallel = 1;
				LastSwiftUpdateCheck = 1540;
				LastUpgradeCheck = 1540;
				TargetAttributes = {
					642520082C7B9DE300252FAC = {
						CreatedOnToolsVersion = 15.4;
					};
					642520192C7B9DE700252FAC = {
						CreatedOnToolsVersion = 15.4;
						TestTargetID = 642520082C7B9DE300252FAC;
					};
					642520232C7B9DE700252FAC = {
						CreatedOnToolsVersion = 15.4;
						TestTargetID = 642520082C7B9DE300252FAC;
					};
				};
			};
			buildConfigurationList = 642520042C7B9DE300252FAC /* Build configuration list for PBXProject "UI-Experiments" */;
			compatibilityVersion = "Xcode 14.0";
			developmentRegion = en;
			hasScannedForEncodings = 0;
			knownRegions = (
				en,
				Base,
			);
			mainGroup = 642520002C7B9DE300252FAC;
			productRefGroup = 6425200A2C7B9DE300252FAC /* Products */;
			projectDirPath = "";
			projectRoot = "";
			targets = (
				642520082C7B9DE300252FAC /* UI-Experiments */,
				642520192C7B9DE700252FAC /* UI-ExperimentsTests */,
				642520232C7B9DE700252FAC /* UI-ExperimentsUITests */,
			);
		};
/* End PBXProject section */

/* Begin PBXResourcesBuildPhase section */
		642520072C7B9DE300252FAC /* Resources */ = {
			isa = PBXResourcesBuildPhase;
			buildActionMask = 2147483647;
			files = (
				642520152C7B9DE600252FAC /* Preview Assets.xcassets in Resources */,
				642520112C7B9DE600252FAC /* Assets.xcassets in Resources */,
			);
			runOnlyForDeploymentPostprocessing = 0;
		};
		642520182C7B9DE700252FAC /* Resources */ = {
			isa = PBXResourcesBuildPhase;
			buildActionMask = 2147483647;
			files = (
			);
			runOnlyForDeploymentPostprocessing = 0;
		};
		642520222C7B9DE700252FAC /* Resources */ = {
			isa = PBXResourcesBuildPhase;
			buildActionMask = 2147483647;
			files = (
			);
			runOnlyForDeploymentPostprocessing = 0;
		};
/* End PBXResourcesBuildPhase section */

/* Begin PBXSourcesBuildPhase section */
		642520052C7B9DE300252FAC /* Sources */ = {
			isa = PBXSourcesBuildPhase;
			buildActionMask = 2147483647;
			files = (
				6425200F2C7B9DE300252FAC /* ContentView.swift in Sources */,
				6425200D2C7B9DE300252FAC /* UI_ExperimentsApp.swift in Sources */,
			);
			runOnlyForDeploymentPostprocessing = 0;
		};
		642520162C7B9DE700252FAC /* Sources */ = {
			isa = PBXSourcesBuildPhase;
			buildActionMask = 2147483647;
			files = (
				6425201F2C7B9DE700252FAC /* UI_ExperimentsTests.swift in Sources */,
			);
			runOnlyForDeploymentPostprocessing = 0;
		};
		642520202C7B9DE700252FAC /* Sources */ = {
			isa = PBXSourcesBuildPhase;
			buildActionMask = 2147483647;
			files = (
				642520292C7B9DE700252FAC /* UI_ExperimentsUITests.swift in Sources */,
				6425202B2C7B9DE700252FAC /* UI_ExperimentsUITestsLaunchTests.swift in Sources */,
			);
			runOnlyForDeploymentPostprocessing = 0;
		};
/* End PBXSourcesBuildPhase section */

/* Begin PBXTargetDependency section */
		6425201C2C7B9DE700252FAC /* PBXTargetDependency */ = {
			isa = PBXTargetDependency;
			target = 642520082C7B9DE300252FAC /* UI-Experiments */;
			targetProxy = 6425201B2C7B9DE700252FAC /* PBXContainerItemProxy */;
		};
		642520262C7B9DE700252FAC /* PBXTargetDependency */ = {
			isa = PBXTargetDependency;
			target = 642520082C7B9DE300252FAC /* UI-Experiments */;
			targetProxy = 642520252C7B9DE700252FAC /* PBXContainerItemProxy */;
		};
/* End PBXTargetDependency section */

/* Begin XCBuildConfiguration section */
		6425202C2C7B9DE700252FAC /* Debug */ = {
			isa = XCBuildConfiguration;
			buildSettings = {
				ALWAYS_SEARCH_USER_PATHS = NO;
				ASSETCATALOG_COMPILER_GENERATE_SWIFT_ASSET_SYMBOL_EXTENSIONS = YES;
				CLANG_ANALYZER_NONNULL = YES;
				CLANG_ANALYZER_NUMBER_OBJECT_CONVERSION = YES_AGGRESSIVE;
				CLANG_CXX_LANGUAGE_STANDARD = "gnu++20";
				CLANG_ENABLE_MODULES = YES;
				CLANG_ENABLE_OBJC_ARC = YES;
				CLANG_ENABLE_OBJC_WEAK = YES;
				CLANG_WARN_BLOCK_CAPTURE_AUTORELEASING = YES;
				CLANG_WARN_BOOL_CONVERSION = YES;
				CLANG_WARN_COMMA = YES;
				CLANG_WARN_CONSTANT_CONVERSION = YES;
				CLANG_WARN_DEPRECATED_OBJC_IMPLEMENTATIONS = YES;
				CLANG_WARN_DIRECT_OBJC_ISA_USAGE = YES_ERROR;
				CLANG_WARN_DOCUMENTATION_COMMENTS = YES;
				CLANG_WARN_EMPTY_BODY = YES;
				CLANG_WARN_ENUM_CONVERSION = YES;
				CLANG_WARN_INFINITE_RECURSION = YES;
				CLANG_WARN_INT_CONVERSION = YES;
				CLANG_WARN_NON_LITERAL_NULL_CONVERSION = YES;
				CLANG_WARN_OBJC_IMPLICIT_RETAIN_SELF = YES;
				CLANG_WARN_OBJC_LITERAL_CONVERSION = YES;
				CLANG_WARN_OBJC_ROOT_CLASS = YES_ERROR;
				CLANG_WARN_QUOTED_INCLUDE_IN_FRAMEWORK_HEADER = YES;
				CLANG_WARN_RANGE_LOOP_ANALYSIS = YES;
				CLANG_WARN_STRICT_PROTOTYPES = YES;
				CLANG_WARN_SUSPICIOUS_MOVE = YES;
				CLANG_WARN_UNGUARDED_AVAILABILITY = YES_AGGRESSIVE;
				CLANG_WARN_UNREACHABLE_CODE = YES;
				CLANG_WARN__DUPLICATE_METHOD_MATCH = YES;
				COPY_PHASE_STRIP = NO;
				DEBUG_INFORMATION_FORMAT = dwarf;
				ENABLE_STRICT_OBJC_MSGSEND = YES;
				ENABLE_TESTABILITY = YES;
				ENABLE_USER_SCRIPT_SANDBOXING = YES;
				GCC_C_LANGUAGE_STANDARD = gnu17;
				GCC_DYNAMIC_NO_PIC = NO;
				GCC_NO_COMMON_BLOCKS = YES;
				GCC_OPTIMIZATION_LEVEL = 0;
				GCC_PREPROCESSOR_DEFINITIONS = (
					"DEBUG=1",
					"$(inherited)",
				);
				GCC_WARN_64_TO_32_BIT_CONVERSION = YES;
				GCC_WARN_ABOUT_RETURN_TYPE = YES_ERROR;
				GCC_WARN_UNDECLARED_SELECTOR = YES;
				GCC_WARN_UNINITIALIZED_AUTOS = YES_AGGRESSIVE;
				GCC_WARN_UNUSED_FUNCTION = YES;
				GCC_WARN_UNUSED_VARIABLE = YES;
				LOCALIZATION_PREFERS_STRING_CATALOGS = YES;
				MTL_ENABLE_DEBUG_INFO = INCLUDE_SOURCE;
				MTL_FAST_MATH = YES;
				ONLY_ACTIVE_ARCH = YES;
				SWIFT_ACTIVE_COMPILATION_CONDITIONS = "DEBUG $(inherited)";
				SWIFT_OPTIMIZATION_LEVEL = "-Onone";
			};
			name = Debug;
		};
		6425202D2C7B9DE700252FAC /* Release */ = {
			isa = XCBuildConfiguration;
			buildSettings = {
				ALWAYS_SEARCH_USER_PATHS = NO;
				ASSETCATALOG_COMPILER_GENERATE_SWIFT_ASSET_SYMBOL_EXTENSIONS = YES;
				CLANG_ANALYZER_NONNULL = YES;
				CLANG_ANALYZER_NUMBER_OBJECT_CONVERSION = YES_AGGRESSIVE;
				CLANG_CXX_LANGUAGE_STANDARD = "gnu++20";
				CLANG_ENABLE_MODULES = YES;
				CLANG_ENABLE_OBJC_ARC = YES;
				CLANG_ENABLE_OBJC_WEAK = YES;
				CLANG_WARN_BLOCK_CAPTURE_AUTORELEASING = YES;
				CLANG_WARN_BOOL_CONVERSION = YES;
				CLANG_WARN_COMMA = YES;
				CLANG_WARN_CONSTANT_CONVERSION = YES;
				CLANG_WARN_DEPRECATED_OBJC_IMPLEMENTATIONS = YES;
				CLANG_WARN_DIRECT_OBJC_ISA_USAGE = YES_ERROR;
				CLANG_WARN_DOCUMENTATION_COMMENTS = YES;
				CLANG_WARN_EMPTY_BODY = YES;
				CLANG_WARN_ENUM_CONVERSION = YES;
				CLANG_WARN_INFINITE_RECURSION = YES;
				CLANG_WARN_INT_CONVERSION = YES;
				CLANG_WARN_NON_LITERAL_NULL_CONVERSION = YES;
				CLANG_WARN_OBJC_IMPLICIT_RETAIN_SELF = YES;
				CLANG_WARN_OBJC_LITERAL_CONVERSION = YES;
				CLANG_WARN_OBJC_ROOT_CLASS = YES_ERROR;
				CLANG_WARN_QUOTED_INCLUDE_IN_FRAMEWORK_HEADER = YES;
				CLANG_WARN_RANGE_LOOP_ANALYSIS = YES;
				CLANG_WARN_STRICT_PROTOTYPES = YES;
				CLANG_WARN_SUSPICIOUS_MOVE = YES;
				CLANG_WARN_UNGUARDED_AVAILABILITY = YES_AGGRESSIVE;
				CLANG_WARN_UNREACHABLE_CODE = YES;
				CLANG_WARN__DUPLICATE_METHOD_MATCH = YES;
				COPY_PHASE_STRIP = NO;
				DEBUG_INFORMATION_FORMAT = "dwarf-with-dsym";
				ENABLE_NS_ASSERTIONS = NO;
				ENABLE_STRICT_OBJC_MSGSEND = YES;
				ENABLE_USER_SCRIPT_SANDBOXING = YES;
				GCC_C_LANGUAGE_STANDARD = gnu17;
				GCC_NO_COMMON_BLOCKS = YES;
				GCC_WARN_64_TO_32_BIT_CONVERSION = YES;
				GCC_WARN_ABOUT_RETURN_TYPE = YES_ERROR;
				GCC_WARN_UNDECLARED_SELECTOR = YES;
				GCC_WARN_UNINITIALIZED_AUTOS = YES_AGGRESSIVE;
				GCC_WARN_UNUSED_FUNCTION = YES;
				GCC_WARN_UNUSED_VARIABLE = YES;
				LOCALIZATION_PREFERS_STRING_CATALOGS = YES;
				MTL_ENABLE_DEBUG_INFO = NO;
				MTL_FAST_MATH = YES;
				SWIFT_COMPILATION_MODE = wholemodule;
			};
			name = Release;
		};
		6425202F2C7B9DE700252FAC /* Debug */ = {
			isa = XCBuildConfiguration;
			buildSettings = {
				ASSETCATALOG_COMPILER_APPICON_NAME = AppIcon;
				ASSETCATALOG_COMPILER_GLOBAL_ACCENT_COLOR_NAME = AccentColor;
				CODE_SIGN_ENTITLEMENTS = "UI-Experiments/UI_Experiments.entitlements";
				CODE_SIGN_STYLE = Automatic;
				CURRENT_PROJECT_VERSION = 1;
				DEVELOPMENT_ASSET_PATHS = "\"UI-Experiments/Preview Content\"";
				DEVELOPMENT_TEAM = 33XQUS4CME;
				ENABLE_HARDENED_RUNTIME = YES;
				ENABLE_PREVIEWS = YES;
				GENERATE_INFOPLIST_FILE = YES;
				"INFOPLIST_KEY_UIApplicationSceneManifest_Generation[sdk=iphoneos*]" = YES;
				"INFOPLIST_KEY_UIApplicationSceneManifest_Generation[sdk=iphonesimulator*]" = YES;
				"INFOPLIST_KEY_UIApplicationSupportsIndirectInputEvents[sdk=iphoneos*]" = YES;
				"INFOPLIST_KEY_UIApplicationSupportsIndirectInputEvents[sdk=iphonesimulator*]" = YES;
				"INFOPLIST_KEY_UILaunchScreen_Generation[sdk=iphoneos*]" = YES;
				"INFOPLIST_KEY_UILaunchScreen_Generation[sdk=iphonesimulator*]" = YES;
				"INFOPLIST_KEY_UIStatusBarStyle[sdk=iphoneos*]" = UIStatusBarStyleDefault;
				"INFOPLIST_KEY_UIStatusBarStyle[sdk=iphonesimulator*]" = UIStatusBarStyleDefault;
				INFOPLIST_KEY_UISupportedInterfaceOrientations_iPad = "UIInterfaceOrientationPortrait UIInterfaceOrientationPortraitUpsideDown UIInterfaceOrientationLandscapeLeft UIInterfaceOrientationLandscapeRight";
				INFOPLIST_KEY_UISupportedInterfaceOrientations_iPhone = "UIInterfaceOrientationPortrait UIInterfaceOrientationLandscapeLeft UIInterfaceOrientationLandscapeRight";
				IPHONEOS_DEPLOYMENT_TARGET = 17.5;
				LD_RUNPATH_SEARCH_PATHS = "@executable_path/Frameworks";
				"LD_RUNPATH_SEARCH_PATHS[sdk=macosx*]" = "@executable_path/../Frameworks";
				MACOSX_DEPLOYMENT_TARGET = 14.3;
				MARKETING_VERSION = 1.0;
				PRODUCT_BUNDLE_IDENTIFIER = "uk.co.edwinb.UI-Experiments";
				PRODUCT_NAME = "$(TARGET_NAME)";
				SDKROOT = auto;
				SUPPORTED_PLATFORMS = "iphoneos iphonesimulator macosx";
				SWIFT_EMIT_LOC_STRINGS = YES;
				SWIFT_VERSION = 5.0;
				TARGETED_DEVICE_FAMILY = "1,2";
			};
			name = Debug;
		};
		642520302C7B9DE700252FAC /* Release */ = {
			isa = XCBuildConfiguration;
			buildSettings = {
				ASSETCATALOG_COMPILER_APPICON_NAME = AppIcon;
				ASSETCATALOG_COMPILER_GLOBAL_ACCENT_COLOR_NAME = AccentColor;
				CODE_SIGN_ENTITLEMENTS = "UI-Experiments/UI_Experiments.entitlements";
				CODE_SIGN_STYLE = Automatic;
				CURRENT_PROJECT_VERSION = 1;
				DEVELOPMENT_ASSET_PATHS = "\"UI-Experiments/Preview Content\"";
				DEVELOPMENT_TEAM = 33XQUS4CME;
				ENABLE_HARDENED_RUNTIME = YES;
				ENABLE_PREVIEWS = YES;
				GENERATE_INFOPLIST_FILE = YES;
				"INFOPLIST_KEY_UIApplicationSceneManifest_Generation[sdk=iphoneos*]" = YES;
				"INFOPLIST_KEY_UIApplicationSceneManifest_Generation[sdk=iphonesimulator*]" = YES;
				"INFOPLIST_KEY_UIApplicationSupportsIndirectInputEvents[sdk=iphoneos*]" = YES;
				"INFOPLIST_KEY_UIApplicationSupportsIndirectInputEvents[sdk=iphonesimulator*]" = YES;
				"INFOPLIST_KEY_UILaunchScreen_Generation[sdk=iphoneos*]" = YES;
				"INFOPLIST_KEY_UILaunchScreen_Generation[sdk=iphonesimulator*]" = YES;
				"INFOPLIST_KEY_UIStatusBarStyle[sdk=iphoneos*]" = UIStatusBarStyleDefault;
				"INFOPLIST_KEY_UIStatusBarStyle[sdk=iphonesimulator*]" = UIStatusBarStyleDefault;
				INFOPLIST_KEY_UISupportedInterfaceOrientations_iPad = "UIInterfaceOrientationPortrait UIInterfaceOrientationPortraitUpsideDown UIInterfaceOrientationLandscapeLeft UIInterfaceOrientationLandscapeRight";
				INFOPLIST_KEY_UISupportedInterfaceOrientations_iPhone = "UIInterfaceOrientationPortrait UIInterfaceOrientationLandscapeLeft UIInterfaceOrientationLandscapeRight";
				IPHONEOS_DEPLOYMENT_TARGET = 17.5;
				LD_RUNPATH_SEARCH_PATHS = "@executable_path/Frameworks";
				"LD_RUNPATH_SEARCH_PATHS[sdk=macosx*]" = "@executable_path/../Frameworks";
				MACOSX_DEPLOYMENT_TARGET = 14.3;
				MARKETING_VERSION = 1.0;
				PRODUCT_BUNDLE_IDENTIFIER = "uk.co.edwinb.UI-Experiments";
				PRODUCT_NAME = "$(TARGET_NAME)";
				SDKROOT = auto;
				SUPPORTED_PLATFORMS = "iphoneos iphonesimulator macosx";
				SWIFT_EMIT_LOC_STRINGS = YES;
				SWIFT_VERSION = 5.0;
				TARGETED_DEVICE_FAMILY = "1,2";
			};
			name = Release;
		};
		642520322C7B9DE700252FAC /* Debug */ = {
			isa = XCBuildConfiguration;
			buildSettings = {
				ALWAYS_EMBED_SWIFT_STANDARD_LIBRARIES = YES;
				BUNDLE_LOADER = "$(TEST_HOST)";
				CODE_SIGN_STYLE = Automatic;
				CURRENT_PROJECT_VERSION = 1;
				DEVELOPMENT_TEAM = 33XQUS4CME;
				GENERATE_INFOPLIST_FILE = YES;
				IPHONEOS_DEPLOYMENT_TARGET = 17.5;
				MACOSX_DEPLOYMENT_TARGET = 14.3;
				MARKETING_VERSION = 1.0;
				PRODUCT_BUNDLE_IDENTIFIER = "uk.co.edwinb.UI-ExperimentsTests";
				PRODUCT_NAME = "$(TARGET_NAME)";
				SDKROOT = auto;
				SUPPORTED_PLATFORMS = "iphoneos iphonesimulator macosx";
				SWIFT_EMIT_LOC_STRINGS = NO;
				SWIFT_VERSION = 5.0;
				TARGETED_DEVICE_FAMILY = "1,2";
				TEST_HOST = "$(BUILT_PRODUCTS_DIR)/UI-Experiments.app/$(BUNDLE_EXECUTABLE_FOLDER_PATH)/UI-Experiments";
			};
			name = Debug;
		};
		642520332C7B9DE700252FAC /* Release */ = {
			isa = XCBuildConfiguration;
			buildSettings = {
				ALWAYS_EMBED_SWIFT_STANDARD_LIBRARIES = YES;
				BUNDLE_LOADER = "$(TEST_HOST)";
				CODE_SIGN_STYLE = Automatic;
				CURRENT_PROJECT_VERSION = 1;
				DEVELOPMENT_TEAM = 33XQUS4CME;
				GENERATE_INFOPLIST_FILE = YES;
				IPHONEOS_DEPLOYMENT_TARGET = 17.5;
				MACOSX_DEPLOYMENT_TARGET = 14.3;
				MARKETING_VERSION = 1.0;
				PRODUCT_BUNDLE_IDENTIFIER = "uk.co.edwinb.UI-ExperimentsTests";
				PRODUCT_NAME = "$(TARGET_NAME)";
				SDKROOT = auto;
				SUPPORTED_PLATFORMS = "iphoneos iphonesimulator macosx";
				SWIFT_EMIT_LOC_STRINGS = NO;
				SWIFT_VERSION = 5.0;
				TARGETED_DEVICE_FAMILY = "1,2";
				TEST_HOST = "$(BUILT_PRODUCTS_DIR)/UI-Experiments.app/$(BUNDLE_EXECUTABLE_FOLDER_PATH)/UI-Experiments";
			};
			name = Release;
		};
		642520352C7B9DE700252FAC /* Debug */ = {
			isa = XCBuildConfiguration;
			buildSettings = {
				ALWAYS_EMBED_SWIFT_STANDARD_LIBRARIES = YES;
				CODE_SIGN_STYLE = Automatic;
				CURRENT_PROJECT_VERSION = 1;
				DEVELOPMENT_TEAM = 33XQUS4CME;
				GENERATE_INFOPLIST_FILE = YES;
				IPHONEOS_DEPLOYMENT_TARGET = 17.5;
				MACOSX_DEPLOYMENT_TARGET = 14.3;
				MARKETING_VERSION = 1.0;
				PRODUCT_BUNDLE_IDENTIFIER = "uk.co.edwinb.UI-ExperimentsUITests";
				PRODUCT_NAME = "$(TARGET_NAME)";
				SDKROOT = auto;
				SUPPORTED_PLATFORMS = "iphoneos iphonesimulator macosx";
				SWIFT_EMIT_LOC_STRINGS = NO;
				SWIFT_VERSION = 5.0;
				TARGETED_DEVICE_FAMILY = "1,2";
				TEST_TARGET_NAME = "UI-Experiments";
			};
			name = Debug;
		};
		642520362C7B9DE700252FAC /* Release */ = {
			isa = XCBuildConfiguration;
			buildSettings = {
				ALWAYS_EMBED_SWIFT_STANDARD_LIBRARIES = YES;
				CODE_SIGN_STYLE = Automatic;
				CURRENT_PROJECT_VERSION = 1;
				DEVELOPMENT_TEAM = 33XQUS4CME;
				GENERATE_INFOPLIST_FILE = YES;
				IPHONEOS_DEPLOYMENT_TARGET = 17.5;
				MACOSX_DEPLOYMENT_TARGET = 14.3;
				MARKETING_VERSION = 1.0;
				PRODUCT_BUNDLE_IDENTIFIER = "uk.co.edwinb.UI-ExperimentsUITests";
				PRODUCT_NAME = "$(TARGET_NAME)";
				SDKROOT = auto;
				SUPPORTED_PLATFORMS = "iphoneos iphonesimulator macosx";
				SWIFT_EMIT_LOC_STRINGS = NO;
				SWIFT_VERSION = 5.0;
				TARGETED_DEVICE_FAMILY = "1,2";
				TEST_TARGET_NAME = "UI-Experiments";
			};
			name = Release;
		};
/* End XCBuildConfiguration section */

/* Begin XCConfigurationList section */
		642520042C7B9DE300252FAC /* Build configuration list for PBXProject "UI-Experiments" */ = {
			isa = XCConfigurationList;
			buildConfigurations = (
				6425202C2C7B9DE700252FAC /* Debug */,
				6425202D2C7B9DE700252FAC /* Release */,
			);
			defaultConfigurationIsVisible = 0;
			defaultConfigurationName = Release;
		};
		6425202E2C7B9DE700252FAC /* Build configuration list for PBXNativeTarget "UI-Experiments" */ = {
			isa = XCConfigurationList;
			buildConfigurations = (
				6425202F2C7B9DE700252FAC /* Debug */,
				642520302C7B9DE700252FAC /* Release */,
			);
			defaultConfigurationIsVisible = 0;
			defaultConfigurationName = Release;
		};
		642520312C7B9DE700252FAC /* Build configuration list for PBXNativeTarget "UI-ExperimentsTests" */ = {
			isa = XCConfigurationList;
			buildConfigurations = (
				642520322C7B9DE700252FAC /* Debug */,
				642520332C7B9DE700252FAC /* Release */,
			);
			defaultConfigurationIsVisible = 0;
			defaultConfigurationName = Release;
		};
		642520342C7B9DE700252FAC /* Build configuration list for PBXNativeTarget "UI-ExperimentsUITests" */ = {
			isa = XCConfigurationList;
			buildConfigurations = (
				642520352C7B9DE700252FAC /* Debug */,
				642520362C7B9DE700252FAC /* Release */,
			);
			defaultConfigurationIsVisible = 0;
			defaultConfigurationName = Release;
		};
/* End XCConfigurationList section */
	};
	rootObject = 642520012C7B9DE300252FAC /* Project object */;
}
